
Microsoft Visual Studio Solution File, Format Version 12.00
# Visual Studio Version 17
VisualStudioVersion = 17.8.34316.72
MinimumVisualStudioVersion = 10.0.40219.1
Project("{FAE04EC0-301F-11D3-BF4B-00C04F79EFBC}") = "RestaurantAPI", "RestaurantAPI\RestaurantAPI.csproj", "{038BFDAB-5FA5-493D-8A50-FFDAFC4670D7}"
EndProject
Global
	GlobalSection(SolutionConfigurationPlatforms) = preSolution
		Debug|Any CPU = Debug|Any CPU
		Release|Any CPU = Release|Any CPU
	EndGlobalSection
	GlobalSection(ProjectConfigurationPlatforms) = postSolution
		{038BFDAB-5FA5-493D-8A50-FFDAFC4670D7}.Debug|Any CPU.ActiveCfg = Debug|Any CPU
		{038BFDAB-5FA5-493D-8A50-FFDAFC4670D7}.Debug|Any CPU.Build.0 = Debug|Any CPU
		{038BFDAB-5FA5-493D-8A50-FFDAFC4670D7}.Release|Any CPU.ActiveCfg = Release|Any CPU
		{038BFDAB-5FA5-493D-8A50-FFDAFC4670D7}.Release|Any CPU.Build.0 = Release|Any CPU
	EndGlobalSection
	GlobalSection(SolutionProperties) = preSolution
		HideSolutionNode = FALSE
	EndGlobalSection
	GlobalSection(ExtensibilityGlobals) = postSolution
		SolutionGuid = {8070EB5A-F976-498C-A471-E6ACF0051A91}
	EndGlobalSection
EndGlobal
